
Microsoft Visual Studio Solution File, Format Version 12.00
# Visual Studio 15
VisualStudioVersion = 15.0.27130.2024
MinimumVisualStudioVersion = 10.0.40219.1
Project("{FAE04EC0-301F-11D3-BF4B-00C04F79EFBC}") = "ADM_Main", "AniDeskimated\ADM_Main.csproj", "{EA422CF2-394D-452E-9771-872D40E22D42}"
EndProject
Global
	GlobalSection(SolutionConfigurationPlatforms) = preSolution
		Debug|Any CPU = Debug|Any CPU
		Debug|x64 = Debug|x64
		Release|Any CPU = Release|Any CPU
		Release|x64 = Release|x64
	EndGlobalSection
	GlobalSection(ProjectConfigurationPlatforms) = postSolution
		{EA422CF2-394D-452E-9771-872D40E22D42}.Debug|Any CPU.ActiveCfg = Debug|Any CPU
		{EA422CF2-394D-452E-9771-872D40E22D42}.Debug|Any CPU.Build.0 = Debug|Any CPU
		{EA422CF2-394D-452E-9771-872D40E22D42}.Debug|x64.ActiveCfg = Debug|x64
		{EA422CF2-394D-452E-9771-872D40E22D42}.Debug|x64.Build.0 = Debug|x64
		{EA422CF2-394D-452E-9771-872D40E22D42}.Release|Any CPU.ActiveCfg = Release|Any CPU
		{EA422CF2-394D-452E-9771-872D40E22D42}.Release|Any CPU.Build.0 = Release|Any CPU
		{EA422CF2-394D-452E-9771-872D40E22D42}.Release|x64.ActiveCfg = Release|x64
		{EA422CF2-394D-452E-9771-872D40E22D42}.Release|x64.Build.0 = Release|x64
	EndGlobalSection
	GlobalSection(SolutionProperties) = preSolution
		HideSolutionNode = FALSE
	EndGlobalSection
	GlobalSection(ExtensibilityGlobals) = postSolution
		SolutionGuid = {8E4EF2EA-FFF7-4563-BB3C-9A626C52B9B8}
	EndGlobalSection
EndGlobal
